{
  "name": "doctor-leads",
  "version": "1.0.0",
  "lockfileVersion": 3,
  "requires": true,
  "packages": {
    "": {
      "name": "doctor-leads",
      "version": "1.0.0",
      "license": "MIT",
      "dependencies": {
        "csv-parse": "^7.0.3",
        "csv-writer": "^1.6.0",
        "dotenv": "^16.4.5",
        "libphonenumber-js": "^1.13.14",
        "p-limit": "^6.1.0"
      },
      "bin": {
        "doctor-leads": "src/index.js"
      },
      "engines": {
        "node": ">=20"
      }
    },
    "node_modules/csv-parse": {
      "version": "7.0.3",
      "resolved": "https://registry.npmjs.org/csv-parse/-/csv-parse-7.0.3.tgz",
      "integrity": "sha512-YFd3QM/yo17vH91L1IOZuvl09zM0zEEtdfTcOCKWcMdM++MNaQSyp09slXyFCLaPXvHstQFx/xC8myiFHSMUvw==",
      "license": "MIT"
    },
    "node_modules/csv-writer": {
      "version": "1.6.0",
      "resolved": "https://registry.npmjs.org/csv-writer/-/csv-writer-1.6.0.tgz",
      "integrity": "sha512-NOx7YDFWEsM/fTRAJjRpPp8t+MKRVvniAg9wQlUKx20MFrPs73WLJhFf5iteqrxNYnsy924K3Iroh3yNHeYd2g==",
      "license": "MIT"
    },
    "node_modules/dotenv": {
      "version": "16.6.1",
      "resolved": "https://registry.npmjs.org/dotenv/-/dotenv-16.6.1.tgz",
      "integrity": "sha512-uBq4egWHTcTt33a72vpSG0z3HnPuIl6NqYcTrKEg2azoEyl2hpW0zqlxysq2pK9HlDIHyHyakeYaYnSAwd8bow==",
      "license": "BSD-2-Clause",
      "engines": {
        "node": ">=12"
      },
      "funding": {
        "url": "https://dotenvx.com"
      }
    },
    "node_modules/libphonenumber-js": {
      "version": "1.13.14",
      "resolved": "https://registry.npmjs.org/libphonenumber-js/-/libphonenumber-js-1.13.14.tgz",
      "integrity": "sha512-llihgCcx0BFLksecLP+x1J+6JDE1GsXS1RN/LoPF6qcwpeQcnjj0lcvZxY8AzbEpYwyZWPZW/nDuqkqzm3amiw==",
      "license": "MIT"
    },
    "node_modules/p-limit": {
      "version": "6.2.0",
      "resolved": "https://registry.npmjs.org/p-limit/-/p-limit-6.2.0.tgz",
      "integrity": "sha512-kuUqqHNUqoIWp/c467RI4X6mmyuojY5jGutNU0wVTmEOOfcuwLqyMVoAi9MKi2Ak+5i9+nhmrK4ufZE8069kHA==",
      "license": "MIT",
      "dependencies": {
        "yocto-queue": "^1.1.1"
      },
      "engines": {
        "node": ">=18"
      },
      "funding": {
        "url": "https://github.com/sponsors/sindresorhus"
      }
    },
    "node_modules/yocto-queue": {
      "version": "1.2.2",
      "resolved": "https://registry.npmjs.org/yocto-queue/-/yocto-queue-1.2.2.tgz",
      "integrity": "sha512-4LCcse/U2MHZ63HAJVE+v71o7yOdIe4cZ70Wpf8D/IyjDKYQLV5GD46B+hSTjJsvV5PztjvHoU580EftxjDZFQ==",
      "license": "MIT",
      "engines": {
        "node": ">=12.20"
      },
      "funding": {
        "url": "https://github.com/sponsors/sindresorhus"
      }
    }
  }
}
